
Microsoft Visual Studio Solution File, Format Version 12.00
# Visual Studio 15
VisualStudioVersion = 15.0.27004.2002
MinimumVisualStudioVersion = 10.0.40219.1
Project("{FAE04EC0-301F-11D3-BF4B-00C04F79EFBC}") = "EventReflection", "EventReflection\EventReflection.csproj", "{37A2B1C8-A2D3-490E-B6F3-A7C9839C0C6C}"
EndProject
Project("{FAE04EC0-301F-11D3-BF4B-00C04F79EFBC}") = "EventReflection.Products", "EventReflectionProduct\EventReflection.Products.csproj", "{1BF090B9-485D-4250-BF06-23F079EF7440}"
EndProject
Project("{FAE04EC0-301F-11D3-BF4B-00C04F79EFBC}") = "EventReflectionTests", "EventReflectionTests\EventReflectionTests.csproj", "{8BA7D624-5328-414C-90C7-E4084B4C8F5F}"
EndProject
Global
	GlobalSection(SolutionConfigurationPlatforms) = preSolution
		Debug|Any CPU = Debug|Any CPU
		Release|Any CPU = Release|Any CPU
	EndGlobalSection
	GlobalSection(ProjectConfigurationPlatforms) = postSolution
		{37A2B1C8-A2D3-490E-B6F3-A7C9839C0C6C}.Debug|Any CPU.ActiveCfg = Debug|Any CPU
		{37A2B1C8-A2D3-490E-B6F3-A7C9839C0C6C}.Debug|Any CPU.Build.0 = Debug|Any CPU
		{37A2B1C8-A2D3-490E-B6F3-A7C9839C0C6C}.Release|Any CPU.ActiveCfg = Release|Any CPU
		{37A2B1C8-A2D3-490E-B6F3-A7C9839C0C6C}.Release|Any CPU.Build.0 = Release|Any CPU
		{1BF090B9-485D-4250-BF06-23F079EF7440}.Debug|Any CPU.ActiveCfg = Debug|Any CPU
		{1BF090B9-485D-4250-BF06-23F079EF7440}.Debug|Any CPU.Build.0 = Debug|Any CPU
		{1BF090B9-485D-4250-BF06-23F079EF7440}.Release|Any CPU.ActiveCfg = Release|Any CPU
		{1BF090B9-485D-4250-BF06-23F079EF7440}.Release|Any CPU.Build.0 = Release|Any CPU
		{8BA7D624-5328-414C-90C7-E4084B4C8F5F}.Debug|Any CPU.ActiveCfg = Debug|Any CPU
		{8BA7D624-5328-414C-90C7-E4084B4C8F5F}.Debug|Any CPU.Build.0 = Debug|Any CPU
		{8BA7D624-5328-414C-90C7-E4084B4C8F5F}.Release|Any CPU.ActiveCfg = Release|Any CPU
		{8BA7D624-5328-414C-90C7-E4084B4C8F5F}.Release|Any CPU.Build.0 = Release|Any CPU
	EndGlobalSection
	GlobalSection(SolutionProperties) = preSolution
		HideSolutionNode = FALSE
	EndGlobalSection
	GlobalSection(ExtensibilityGlobals) = postSolution
		SolutionGuid = {178C076D-209C-4363-934E-CAE6377EF682}
	EndGlobalSection
EndGlobal
