
Microsoft Visual Studio Solution File, Format Version 12.00
# Visual Studio 15
VisualStudioVersion = 15.0.27004.2002
MinimumVisualStudioVersion = 10.0.40219.1
Project("{9A19103F-16F7-4668-BE54-9A1E7A4F7556}") = "TrafficLight", "TrafficLight\TrafficLight.csproj", "{DEF0DBA0-5D13-46C3-97DF-DAAA2E94CA13}"
EndProject
Project("{FAE04EC0-301F-11D3-BF4B-00C04F79EFBC}") = "TrafficLighterTest", "TrafficLighterTest\TrafficLighterTest.csproj", "{44B3DA4D-1E11-4519-B9AE-82247883B1E5}"
EndProject
Global
	GlobalSection(SolutionConfigurationPlatforms) = preSolution
		Debug|Any CPU = Debug|Any CPU
		Release|Any CPU = Release|Any CPU
	EndGlobalSection
	GlobalSection(ProjectConfigurationPlatforms) = postSolution
		{DEF0DBA0-5D13-46C3-97DF-DAAA2E94CA13}.Debug|Any CPU.ActiveCfg = Debug|Any CPU
		{DEF0DBA0-5D13-46C3-97DF-DAAA2E94CA13}.Debug|Any CPU.Build.0 = Debug|Any CPU
		{DEF0DBA0-5D13-46C3-97DF-DAAA2E94CA13}.Release|Any CPU.ActiveCfg = Release|Any CPU
		{DEF0DBA0-5D13-46C3-97DF-DAAA2E94CA13}.Release|Any CPU.Build.0 = Release|Any CPU
		{44B3DA4D-1E11-4519-B9AE-82247883B1E5}.Debug|Any CPU.ActiveCfg = Debug|Any CPU
		{44B3DA4D-1E11-4519-B9AE-82247883B1E5}.Debug|Any CPU.Build.0 = Debug|Any CPU
		{44B3DA4D-1E11-4519-B9AE-82247883B1E5}.Release|Any CPU.ActiveCfg = Release|Any CPU
		{44B3DA4D-1E11-4519-B9AE-82247883B1E5}.Release|Any CPU.Build.0 = Release|Any CPU
	EndGlobalSection
	GlobalSection(SolutionProperties) = preSolution
		HideSolutionNode = FALSE
	EndGlobalSection
	GlobalSection(ExtensibilityGlobals) = postSolution
		SolutionGuid = {9FF6BA49-E70E-475F-B3CA-AE343F5EAD46}
	EndGlobalSection
EndGlobal
