
Microsoft Visual Studio Solution File, Format Version 12.00
# Visual Studio 15
VisualStudioVersion = 15.0.26730.12
MinimumVisualStudioVersion = 10.0.40219.1
Project("{FAE04EC0-301F-11D3-BF4B-00C04F79EFBC}") = "KSR.Common", "KSR.Common\KSR.Common.csproj", "{A7C712E8-062E-4E8E-9063-ADA2820648F9}"
EndProject
Project("{FAE04EC0-301F-11D3-BF4B-00C04F79EFBC}") = "KSR.Service", "KSR.Service\KSR.Service.csproj", "{EE408B8B-B977-43A3-B09E-94FADBF23F1E}"
EndProject
Project("{FAE04EC0-301F-11D3-BF4B-00C04F79EFBC}") = "KSR.DataSource", "KSR.DataSource\KSR.DataSource.csproj", "{3110F141-2E9F-41CC-9EE3-712835D2BE3C}"
EndProject
Global
	GlobalSection(SolutionConfigurationPlatforms) = preSolution
		Debug|Any CPU = Debug|Any CPU
		Release|Any CPU = Release|Any CPU
	EndGlobalSection
	GlobalSection(ProjectConfigurationPlatforms) = postSolution
		{A7C712E8-062E-4E8E-9063-ADA2820648F9}.Debug|Any CPU.ActiveCfg = Debug|Any CPU
		{A7C712E8-062E-4E8E-9063-ADA2820648F9}.Debug|Any CPU.Build.0 = Debug|Any CPU
		{A7C712E8-062E-4E8E-9063-ADA2820648F9}.Release|Any CPU.ActiveCfg = Release|Any CPU
		{A7C712E8-062E-4E8E-9063-ADA2820648F9}.Release|Any CPU.Build.0 = Release|Any CPU
		{EE408B8B-B977-43A3-B09E-94FADBF23F1E}.Debug|Any CPU.ActiveCfg = Debug|Any CPU
		{EE408B8B-B977-43A3-B09E-94FADBF23F1E}.Debug|Any CPU.Build.0 = Debug|Any CPU
		{EE408B8B-B977-43A3-B09E-94FADBF23F1E}.Release|Any CPU.ActiveCfg = Release|Any CPU
		{EE408B8B-B977-43A3-B09E-94FADBF23F1E}.Release|Any CPU.Build.0 = Release|Any CPU
		{3110F141-2E9F-41CC-9EE3-712835D2BE3C}.Debug|Any CPU.ActiveCfg = Debug|Any CPU
		{3110F141-2E9F-41CC-9EE3-712835D2BE3C}.Debug|Any CPU.Build.0 = Debug|Any CPU
		{3110F141-2E9F-41CC-9EE3-712835D2BE3C}.Release|Any CPU.ActiveCfg = Release|Any CPU
		{3110F141-2E9F-41CC-9EE3-712835D2BE3C}.Release|Any CPU.Build.0 = Release|Any CPU
	EndGlobalSection
	GlobalSection(SolutionProperties) = preSolution
		HideSolutionNode = FALSE
	EndGlobalSection
	GlobalSection(ExtensibilityGlobals) = postSolution
		SolutionGuid = {3F474531-22F2-437F-8D2F-BBDA926F2F3A}
	EndGlobalSection
EndGlobal
